
Microsoft Visual Studio Solution File, Format Version 12.00
# Visual Studio 15
VisualStudioVersion = 15.0.27004.2009
MinimumVisualStudioVersion = 10.0.40219.1
Project("{FAE04EC0-301F-11D3-BF4B-00C04F79EFBC}") = "WebAPI_Auth", "WebAPI_Auth\WebAPI_Auth.csproj", "{5C8E5ED0-119E-4D91-9C9F-9967DDCA3183}"
EndProject
Global
	GlobalSection(SolutionConfigurationPlatforms) = preSolution
		Debug|Any CPU = Debug|Any CPU
		Release|Any CPU = Release|Any CPU
	EndGlobalSection
	GlobalSection(ProjectConfigurationPlatforms) = postSolution
		{5C8E5ED0-119E-4D91-9C9F-9967DDCA3183}.Debug|Any CPU.ActiveCfg = Debug|Any CPU
		{5C8E5ED0-119E-4D91-9C9F-9967DDCA3183}.Debug|Any CPU.Build.0 = Debug|Any CPU
		{5C8E5ED0-119E-4D91-9C9F-9967DDCA3183}.Release|Any CPU.ActiveCfg = Release|Any CPU
		{5C8E5ED0-119E-4D91-9C9F-9967DDCA3183}.Release|Any CPU.Build.0 = Release|Any CPU
	EndGlobalSection
	GlobalSection(SolutionProperties) = preSolution
		HideSolutionNode = FALSE
	EndGlobalSection
	GlobalSection(ExtensibilityGlobals) = postSolution
		SolutionGuid = {F360DC6C-C952-4966-A0BA-2F9C1825C780}
	EndGlobalSection
EndGlobal
